// !$*UTF8*$!
{
	archiveVersion = 1;
	classes = {
	};
	objectVersion = 46;
	objects = {

/* Begin PBXBuildFile section */
		0C8C22D71F95BC5400F08490 /* opencv2.framework in Frameworks */ = {isa = PBXBuildFile; fileRef = 0C8C22D61F95BC5400F08490 /* opencv2.framework */; };
		0C8C22E01F95BCCB00F08490 /* main.m in Sources */ = {isa = PBXBuildFile; fileRef = 0C8C22DF1F95BCCB00F08490 /* main.m */; };
		0C8C22E31F95BCCB00F08490 /* AppDelegate.m in Sources */ = {isa = PBXBuildFile; fileRef = 0C8C22E21F95BCCB00F08490 /* AppDelegate.m */; };
		0C8C22E61F95BCCB00F08490 /* ViewController.mm in Sources */ = {isa = PBXBuildFile; fileRef = 0C8C22E51F95BCCB00F08490 /* ViewController.mm */; };
		0C8C22E91F95BCCB00F08490 /* Main.storyboard in Resources */ = {isa = PBXBuildFile; fileRef = 0C8C22E71F95BCCB00F08490 /* Main.storyboard */; };
		0C8C22EB1F95BCCB00F08490 /* Assets.xcassets in Resources */ = {isa = PBXBuildFile; fileRef = 0C8C22EA1F95BCCB00F08490 /* Assets.xcassets */; };
		0C8C22EE1F95BCCB00F08490 /* LaunchScreen.storyboard in Resources */ = {isa = PBXBuildFile; fileRef = 0C8C22EC1F95BCCB00F08490 /* LaunchScreen.storyboard */; };
		0C8C22F91F95BCCC00F08490 /* CLNF_iOSTests.m in Sources */ = {isa = PBXBuildFile; fileRef = 0C8C22F81F95BCCC00F08490 /* CLNF_iOSTests.m */; };
		0C8C23041F95BCCC00F08490 /* CLNF_iOSUITests.m in Sources */ = {isa = PBXBuildFile; fileRef = 0C8C23031F95BCCC00F08490 /* CLNF_iOSUITests.m */; };
		0C8C23181F95BE4800F08490 /* opencv2.framework in Frameworks */ = {isa = PBXBuildFile; fileRef = 0C8C22D61F95BC5400F08490 /* opencv2.framework */; };
		0C8C231A1F95BE5400F08490 /* CoreMedia.framework in Frameworks */ = {isa = PBXBuildFile; fileRef = 0C8C23191F95BE5400F08490 /* CoreMedia.framework */; };
		0C8C231C1F95BE5B00F08490 /* CoreVideo.framework in Frameworks */ = {isa = PBXBuildFile; fileRef = 0C8C231B1F95BE5B00F08490 /* CoreVideo.framework */; };
		0C8C231E1F95BE6300F08490 /* AVFoundation.framework in Frameworks */ = {isa = PBXBuildFile; fileRef = 0C8C231D1F95BE6300F08490 /* AVFoundation.framework */; };
		0C8C231F1F95C02700F08490 /* FaceARDetectIOS.mm in Sources */ = {isa = PBXBuildFile; fileRef = 0C97CC6F1F94C0E30015FFC6 /* FaceARDetectIOS.mm */; };
		0C8C23201F95C03B00F08490 /* CCNF_patch_expert.cpp in Sources */ = {isa = PBXBuildFile; fileRef = 0C97CC861F94C3300015FFC6 /* CCNF_patch_expert.cpp */; };
		0C8C23211F95C03B00F08490 /* LandmarkDetectionValidator.cpp in Sources */ = {isa = PBXBuildFile; fileRef = 0C97CC871F94C3300015FFC6 /* LandmarkDetectionValidator.cpp */; };
		0C8C23221F95C03B00F08490 /* LandmarkDetectorFunc.cpp in Sources */ = {isa = PBXBuildFile; fileRef = 0C97CC881F94C3300015FFC6 /* LandmarkDetectorFunc.cpp */; };
		0C8C23231F95C03B00F08490 /* LandmarkDetectorModel.cpp in Sources */ = {isa = PBXBuildFile; fileRef = 0C97CC891F94C3300015FFC6 /* LandmarkDetectorModel.cpp */; };
		0C8C23241F95C03B00F08490 /* LandmarkDetectorParameters.cpp in Sources */ = {isa = PBXBuildFile; fileRef = 0C97CC8A1F94C3300015FFC6 /* LandmarkDetectorParameters.cpp */; };
		0C8C23251F95C03B00F08490 /* LandmarkDetectorUtils.cpp in Sources */ = {isa = PBXBuildFile; fileRef = 0C97CC8B1F94C3300015FFC6 /* LandmarkDetectorUtils.cpp */; };
		0C8C23261F95C03B00F08490 /* Patch_experts.cpp in Sources */ = {isa = PBXBuildFile; fileRef = 0C97CC8C1F94C3300015FFC6 /* Patch_experts.cpp */; };
		0C8C23271F95C03B00F08490 /* PAW.cpp in Sources */ = {isa = PBXBuildFile; fileRef = 0C97CC8D1F94C3300015FFC6 /* PAW.cpp */; };
		0C8C23281F95C03B00F08490 /* PDM.cpp in Sources */ = {isa = PBXBuildFile; fileRef = 0C97CC8E1F94C3300015FFC6 /* PDM.cpp */; };
		0C8C23291F95C03B00F08490 /* stdafx.cpp in Sources */ = {isa = PBXBuildFile; fileRef = 0C97CC8F1F94C3300015FFC6 /* stdafx.cpp */; };
		0C8C232A1F95C03B00F08490 /* SVR_patch_expert.cpp in Sources */ = {isa = PBXBuildFile; fileRef = 0C97CC901F94C3300015FFC6 /* SVR_patch_expert.cpp */; };
		0C8C232B1F95C18300F08490 /* classifiers in Resources */ = {isa = PBXBuildFile; fileRef = 0C97CC6A1F94BEA10015FFC6 /* classifiers */; };
		0C8C232C1F95C18300F08490 /* model in Resources */ = {isa = PBXBuildFile; fileRef = 0C97CC6B1F94BEA10015FFC6 /* model */; };
		0C97CC3C1F94BE8D0015FFC6 /* AppDelegate.m in Sources */ = {isa = PBXBuildFile; fileRef = 0C97CC3B1F94BE8D0015FFC6 /* AppDelegate.m */; };
		0C97CC3F1F94BE8D0015FFC6 /* main.m in Sources */ = {isa = PBXBuildFile; fileRef = 0C97CC3E1F94BE8D0015FFC6 /* main.m */; };
		0C97CC421F94BE8D0015FFC6 /* ViewController.mm in Sources */ = {isa = PBXBuildFile; fileRef = 0C97CC411F94BE8D0015FFC6 /* ViewController.mm */; };
		0C97CC441F94BE8D0015FFC6 /* Assets.xcassets in Resources */ = {isa = PBXBuildFile; fileRef = 0C97CC431F94BE8D0015FFC6 /* Assets.xcassets */; };
		0C97CC471F94BE8D0015FFC6 /* Main.storyboard in Resources */ = {isa = PBXBuildFile; fileRef = 0C97CC451F94BE8D0015FFC6 /* Main.storyboard */; };
		0C97CC521F94BE8D0015FFC6 /* CLNFTests.m in Sources */ = {isa = PBXBuildFile; fileRef = 0C97CC511F94BE8D0015FFC6 /* CLNFTests.m */; };
		0C97CC5D1F94BE8D0015FFC6 /* CLNFUITests.m in Sources */ = {isa = PBXBuildFile; fileRef = 0C97CC5C1F94BE8D0015FFC6 /* CLNFUITests.m */; };
		0C97CC6C1F94BEA10015FFC6 /* classifiers in Resources */ = {isa = PBXBuildFile; fileRef = 0C97CC6A1F94BEA10015FFC6 /* classifiers */; };
		0C97CC6D1F94BEA10015FFC6 /* model in Resources */ = {isa = PBXBuildFile; fileRef = 0C97CC6B1F94BEA10015FFC6 /* model */; };
		0C97CC701F94C0E30015FFC6 /* FaceARDetectIOS.mm in Sources */ = {isa = PBXBuildFile; fileRef = 0C97CC6F1F94C0E30015FFC6 /* FaceARDetectIOS.mm */; };
		0C97CC911F94C3300015FFC6 /* GazeEstimation.cpp in Sources */ = {isa = PBXBuildFile; fileRef = 0C97CC751F94C3300015FFC6 /* GazeEstimation.cpp */; };
		0C97CC921F94C3300015FFC6 /* CCNF_patch_expert.cpp in Sources */ = {isa = PBXBuildFile; fileRef = 0C97CC861F94C3300015FFC6 /* CCNF_patch_expert.cpp */; };
		0C97CC931F94C3300015FFC6 /* LandmarkDetectionValidator.cpp in Sources */ = {isa = PBXBuildFile; fileRef = 0C97CC871F94C3300015FFC6 /* LandmarkDetectionValidator.cpp */; };
		0C97CC941F94C3300015FFC6 /* LandmarkDetectorFunc.cpp in Sources */ = {isa = PBXBuildFile; fileRef = 0C97CC881F94C3300015FFC6 /* LandmarkDetectorFunc.cpp */; };
		0C97CC951F94C3300015FFC6 /* LandmarkDetectorModel.cpp in Sources */ = {isa = PBXBuildFile; fileRef = 0C97CC891F94C3300015FFC6 /* LandmarkDetectorModel.cpp */; };
		0C97CC961F94C3300015FFC6 /* LandmarkDetectorParameters.cpp in Sources */ = {isa = PBXBuildFile; fileRef = 0C97CC8A1F94C3300015FFC6 /* LandmarkDetectorParameters.cpp */; };
		0C97CC971F94C3300015FFC6 /* LandmarkDetectorUtils.cpp in Sources */ = {isa = PBXBuildFile; fileRef = 0C97CC8B1F94C3300015FFC6 /* LandmarkDetectorUtils.cpp */; };
		0C97CC981F94C3300015FFC6 /* Patch_experts.cpp in Sources */ = {isa = PBXBuildFile; fileRef = 0C97CC8C1F94C3300015FFC6 /* Patch_experts.cpp */; };
		0C97CC991F94C3300015FFC6 /* PAW.cpp in Sources */ = {isa = PBXBuildFile; fileRef = 0C97CC8D1F94C3300015FFC6 /* PAW.cpp */; };
		0C97CC9A1F94C3300015FFC6 /* PDM.cpp in Sources */ = {isa = PBXBuildFile; fileRef = 0C97CC8E1F94C3300015FFC6 /* PDM.cpp */; };
		0C97CC9B1F94C3300015FFC6 /* stdafx.cpp in Sources */ = {isa = PBXBuildFile; fileRef = 0C97CC8F1F94C3300015FFC6 /* stdafx.cpp */; };
		0C97CC9C1F94C3300015FFC6 /* SVR_patch_expert.cpp in Sources */ = {isa = PBXBuildFile; fileRef = 0C97CC901F94C3300015FFC6 /* SVR_patch_expert.cpp */; };
		0C97CC9F1F94CA1C0015FFC6 /* AVFoundation.framework in Frameworks */ = {isa = PBXBuildFile; fileRef = 0C97CC9E1F94CA1C0015FFC6 /* AVFoundation.framework */; };
		0C97CCA31F94D4520015FFC6 /* CoreMedia.framework in Frameworks */ = {isa = PBXBuildFile; fileRef = 0C97CCA21F94D4520015FFC6 /* CoreMedia.framework */; };
		0C97CCA51F94D4580015FFC6 /* CoreVideo.framework in Frameworks */ = {isa = PBXBuildFile; fileRef = 0C97CCA41F94D4580015FFC6 /* CoreVideo.framework */; };
/* End PBXBuildFile section */

/* Begin PBXContainerItemProxy section */
		0C8C22F51F95BCCC00F08490 /* PBXContainerItemProxy */ = {
			isa = PBXContainerItemProxy;
			containerPortal = 0C97CC2F1F94BE8D0015FFC6 /* Project object */;
			proxyType = 1;
			remoteGlobalIDString = 0C8C22DB1F95BCCB00F08490;
			remoteInfo = "CLNF-iOS";
		};
		0C8C23001F95BCCC00F08490 /* PBXContainerItemProxy */ = {
			isa = PBXContainerItemProxy;
			containerPortal = 0C97CC2F1F94BE8D0015FFC6 /* Project object */;
			proxyType = 1;
			remoteGlobalIDString = 0C8C22DB1F95BCCB00F08490;
			remoteInfo = "CLNF-iOS";
		};
		0C97CC4E1F94BE8D0015FFC6 /* PBXContainerItemProxy */ = {
			isa = PBXContainerItemProxy;
			containerPortal = 0C97CC2F1F94BE8D0015FFC6 /* Project object */;
			proxyType = 1;
			remoteGlobalIDString = 0C97CC361F94BE8D0015FFC6;
			remoteInfo = CLNF;
		};
		0C97CC591F94BE8D0015FFC6 /* PBXContainerItemProxy */ = {
			isa = PBXContainerItemProxy;
			containerPortal = 0C97CC2F1F94BE8D0015FFC6 /* Project object */;
			proxyType = 1;
			remoteGlobalIDString = 0C97CC361F94BE8D0015FFC6;
			remoteInfo = CLNF;
		};
/* End PBXContainerItemProxy section */

/* Begin PBXFileReference section */
		0C8C22D61F95BC5400F08490 /* opencv2.framework */ = {isa = PBXFileReference; lastKnownFileType = wrapper.framework; path = opencv2.framework; sourceTree = "<group>"; };
		0C8C22DC1F95BCCB00F08490 /* CLNF-iOS.app */ = {isa = PBXFileReference; explicitFileType = wrapper.application; includeInIndex = 0; path = "CLNF-iOS.app"; sourceTree = BUILT_PRODUCTS_DIR; };
		0C8C22DF1F95BCCB00F08490 /* main.m */ = {isa = PBXFileReference; lastKnownFileType = sourcecode.c.objc; path = main.m; sourceTree = "<group>"; };
		0C8C22E11F95BCCB00F08490 /* AppDelegate.h */ = {isa = PBXFileReference; lastKnownFileType = sourcecode.c.h; path = AppDelegate.h; sourceTree = "<group>"; };
		0C8C22E21F95BCCB00F08490 /* AppDelegate.m */ = {isa = PBXFileReference; lastKnownFileType = sourcecode.c.objc; path = AppDelegate.m; sourceTree = "<group>"; };
		0C8C22E41F95BCCB00F08490 /* ViewController.h */ = {isa = PBXFileReference; lastKnownFileType = sourcecode.c.h; path = ViewController.h; sourceTree = "<group>"; };
		0C8C22E51F95BCCB00F08490 /* ViewController.mm */ = {isa = PBXFileReference; lastKnownFileType = sourcecode.cpp.objcpp; path = ViewController.mm; sourceTree = "<group>"; };
		0C8C22E81F95BCCB00F08490 /* Base */ = {isa = PBXFileReference; lastKnownFileType = file.storyboard; name = Base; path = Base.lproj/Main.storyboard; sourceTree = "<group>"; };
		0C8C22EA1F95BCCB00F08490 /* Assets.xcassets */ = {isa = PBXFileReference; lastKnownFileType = folder.assetcatalog; path = Assets.xcassets; sourceTree = "<group>"; };
		0C8C22ED1F95BCCB00F08490 /* Base */ = {isa = PBXFileReference; lastKnownFileType = file.storyboard; name = Base; path = Base.lproj/LaunchScreen.storyboard; sourceTree = "<group>"; };
		0C8C22EF1F95BCCB00F08490 /* Info.plist */ = {isa = PBXFileReference; lastKnownFileType = text.plist.xml; path = Info.plist; sourceTree = "<group>"; };
		0C8C22F41F95BCCC00F08490 /* CLNF-iOSTests.xctest */ = {isa = PBXFileReference; explicitFileType = wrapper.cfbundle; includeInIndex = 0; path = "CLNF-iOSTests.xctest"; sourceTree = BUILT_PRODUCTS_DIR; };
		0C8C22F81F95BCCC00F08490 /* CLNF_iOSTests.m */ = {isa = PBXFileReference; lastKnownFileType = sourcecode.c.objc; path = CLNF_iOSTests.m; sourceTree = "<group>"; };
		0C8C22FA1F95BCCC00F08490 /* Info.plist */ = {isa = PBXFileReference; lastKnownFileType = text.plist.xml; path = Info.plist; sourceTree = "<group>"; };
		0C8C22FF1F95BCCC00F08490 /* CLNF-iOSUITests.xctest */ = {isa = PBXFileReference; explicitFileType = wrapper.cfbundle; includeInIndex = 0; path = "CLNF-iOSUITests.xctest"; sourceTree = BUILT_PRODUCTS_DIR; };
		0C8C23031F95BCCC00F08490 /* CLNF_iOSUITests.m */ = {isa = PBXFileReference; lastKnownFileType = sourcecode.c.objc; path = CLNF_iOSUITests.m; sourceTree = "<group>"; };
		0C8C23051F95BCCC00F08490 /* Info.plist */ = {isa = PBXFileReference; lastKnownFileType = text.plist.xml; path = Info.plist; sourceTree = "<group>"; };
		0C8C23191F95BE5400F08490 /* CoreMedia.framework */ = {isa = PBXFileReference; lastKnownFileType = wrapper.framework; name = CoreMedia.framework; path = Platforms/iPhoneOS.platform/Developer/SDKs/iPhoneOS10.2.sdk/System/Library/Frameworks/CoreMedia.framework; sourceTree = DEVELOPER_DIR; };
		0C8C231B1F95BE5B00F08490 /* CoreVideo.framework */ = {isa = PBXFileReference; lastKnownFileType = wrapper.framework; name = CoreVideo.framework; path = Platforms/iPhoneOS.platform/Developer/SDKs/iPhoneOS10.2.sdk/System/Library/Frameworks/CoreVideo.framework; sourceTree = DEVELOPER_DIR; };
		0C8C231D1F95BE6300F08490 /* AVFoundation.framework */ = {isa = PBXFileReference; lastKnownFileType = wrapper.framework; name = AVFoundation.framework; path = Platforms/iPhoneOS.platform/Developer/SDKs/iPhoneOS10.2.sdk/System/Library/Frameworks/AVFoundation.framework; sourceTree = DEVELOPER_DIR; };
		0C8C232D1F9606DF00F08490 /* CameraResolution.h */ = {isa = PBXFileReference; lastKnownFileType = sourcecode.c.h; name = CameraResolution.h; path = ../CameraResolution.h; sourceTree = "<group>"; };
		0C97CC371F94BE8D0015FFC6 /* CLNF.app */ = {isa = PBXFileReference; explicitFileType = wrapper.application; includeInIndex = 0; path = CLNF.app; sourceTree = BUILT_PRODUCTS_DIR; };
		0C97CC3A1F94BE8D0015FFC6 /* AppDelegate.h */ = {isa = PBXFileReference; lastKnownFileType = sourcecode.c.h; path = AppDelegate.h; sourceTree = "<group>"; };
		0C97CC3B1F94BE8D0015FFC6 /* AppDelegate.m */ = {isa = PBXFileReference; lastKnownFileType = sourcecode.c.objc; path = AppDelegate.m; sourceTree = "<group>"; };
		0C97CC3E1F94BE8D0015FFC6 /* main.m */ = {isa = PBXFileReference; lastKnownFileType = sourcecode.c.objc; path = main.m; sourceTree = "<group>"; };
		0C97CC401F94BE8D0015FFC6 /* ViewController.h */ = {isa = PBXFileReference; lastKnownFileType = sourcecode.c.h; path = ViewController.h; sourceTree = "<group>"; };
		0C97CC411F94BE8D0015FFC6 /* ViewController.mm */ = {isa = PBXFileReference; lastKnownFileType = sourcecode.cpp.objcpp; path = ViewController.mm; sourceTree = "<group>"; };
		0C97CC431F94BE8D0015FFC6 /* Assets.xcassets */ = {isa = PBXFileReference; lastKnownFileType = folder.assetcatalog; path = Assets.xcassets; sourceTree = "<group>"; };
		0C97CC461F94BE8D0015FFC6 /* Base */ = {isa = PBXFileReference; lastKnownFileType = file.storyboard; name = Base; path = Base.lproj/Main.storyboard; sourceTree = "<group>"; };
		0C97CC481F94BE8D0015FFC6 /* Info.plist */ = {isa = PBXFileReference; lastKnownFileType = text.plist.xml; path = Info.plist; sourceTree = "<group>"; };
		0C97CC4D1F94BE8D0015FFC6 /* CLNFTests.xctest */ = {isa = PBXFileReference; explicitFileType = wrapper.cfbundle; includeInIndex = 0; path = CLNFTests.xctest; sourceTree = BUILT_PRODUCTS_DIR; };
		0C97CC511F94BE8D0015FFC6 /* CLNFTests.m */ = {isa = PBXFileReference; lastKnownFileType = sourcecode.c.objc; path = CLNFTests.m; sourceTree = "<group>"; };
		0C97CC531F94BE8D0015FFC6 /* Info.plist */ = {isa = PBXFileReference; lastKnownFileType = text.plist.xml; path = Info.plist; sourceTree = "<group>"; };
		0C97CC581F94BE8D0015FFC6 /* CLNFUITests.xctest */ = {isa = PBXFileReference; explicitFileType = wrapper.cfbundle; includeInIndex = 0; path = CLNFUITests.xctest; sourceTree = BUILT_PRODUCTS_DIR; };
		0C97CC5C1F94BE8D0015FFC6 /* CLNFUITests.m */ = {isa = PBXFileReference; lastKnownFileType = sourcecode.c.objc; path = CLNFUITests.m; sourceTree = "<group>"; };
		0C97CC5E1F94BE8D0015FFC6 /* Info.plist */ = {isa = PBXFileReference; lastKnownFileType = text.plist.xml; path = Info.plist; sourceTree = "<group>"; };
		0C97CC6A1F94BEA10015FFC6 /* classifiers */ = {isa = PBXFileReference; lastKnownFileType = folder; path = classifiers; sourceTree = "<group>"; };
		0C97CC6B1F94BEA10015FFC6 /* model */ = {isa = PBXFileReference; lastKnownFileType = folder; path = model; sourceTree = "<group>"; };
		0C97CC6E1F94C0E30015FFC6 /* FaceARDetectIOS.h */ = {isa = PBXFileReference; fileEncoding = 4; lastKnownFileType = sourcecode.c.h; path = FaceARDetectIOS.h; sourceTree = "<group>"; };
		0C97CC6F1F94C0E30015FFC6 /* FaceARDetectIOS.mm */ = {isa = PBXFileReference; fileEncoding = 4; lastKnownFileType = sourcecode.cpp.objcpp; path = FaceARDetectIOS.mm; sourceTree = "<group>"; };
		0C97CC751F94C3300015FFC6 /* GazeEstimation.cpp */ = {isa = PBXFileReference; fileEncoding = 4; lastKnownFileType = sourcecode.cpp.cpp; path = GazeEstimation.cpp; sourceTree = "<group>"; };
		0C97CC761F94C3300015FFC6 /* GazeEstimation.h */ = {isa = PBXFileReference; fileEncoding = 4; lastKnownFileType = sourcecode.c.h; path = GazeEstimation.h; sourceTree = "<group>"; };
		0C97CC791F94C3300015FFC6 /* CCNF_patch_expert.h */ = {isa = PBXFileReference; fileEncoding = 4; lastKnownFileType = sourcecode.c.h; path = CCNF_patch_expert.h; sourceTree = "<group>"; };
		0C97CC7A1F94C3300015FFC6 /* LandmarkCoreIncludes.h */ = {isa = PBXFileReference; fileEncoding = 4; lastKnownFileType = sourcecode.c.h; path = LandmarkCoreIncludes.h; sourceTree = "<group>"; };
		0C97CC7B1F94C3300015FFC6 /* LandmarkDetectionValidator.h */ = {isa = PBXFileReference; fileEncoding = 4; lastKnownFileType = sourcecode.c.h; path = LandmarkDetectionValidator.h; sourceTree = "<group>"; };
		0C97CC7C1F94C3300015FFC6 /* LandmarkDetectorFunc.h */ = {isa = PBXFileReference; fileEncoding = 4; lastKnownFileType = sourcecode.c.h; path = LandmarkDetectorFunc.h; sourceTree = "<group>"; };
		0C97CC7D1F94C3300015FFC6 /* LandmarkDetectorModel.h */ = {isa = PBXFileReference; fileEncoding = 4; lastKnownFileType = sourcecode.c.h; path = LandmarkDetectorModel.h; sourceTree = "<group>"; };
		0C97CC7E1F94C3300015FFC6 /* LandmarkDetectorParameters.h */ = {isa = PBXFileReference; fileEncoding = 4; lastKnownFileType = sourcecode.c.h; path = LandmarkDetectorParameters.h; sourceTree = "<group>"; };
		0C97CC7F1F94C3300015FFC6 /* LandmarkDetectorUtils.h */ = {isa = PBXFileReference; fileEncoding = 4; lastKnownFileType = sourcecode.c.h; path = LandmarkDetectorUtils.h; sourceTree = "<group>"; };
		0C97CC801F94C3300015FFC6 /* Patch_experts.h */ = {isa = PBXFileReference; fileEncoding = 4; lastKnownFileType = sourcecode.c.h; path = Patch_experts.h; sourceTree = "<group>"; };
		0C97CC811F94C3300015FFC6 /* PAW.h */ = {isa = PBXFileReference; fileEncoding = 4; lastKnownFileType = sourcecode.c.h; path = PAW.h; sourceTree = "<group>"; };
		0C97CC821F94C3300015FFC6 /* PDM.h */ = {isa = PBXFileReference; fileEncoding = 4; lastKnownFileType = sourcecode.c.h; path = PDM.h; sourceTree = "<group>"; };
		0C97CC831F94C3300015FFC6 /* stdafx.h */ = {isa = PBXFileReference; fileEncoding = 4; lastKnownFileType = sourcecode.c.h; path = stdafx.h; sourceTree = "<group>"; };
		0C97CC841F94C3300015FFC6 /* SVR_patch_expert.h */ = {isa = PBXFileReference; fileEncoding = 4; lastKnownFileType = sourcecode.c.h; path = SVR_patch_expert.h; sourceTree = "<group>"; };
		0C97CC861F94C3300015FFC6 /* CCNF_patch_expert.cpp */ = {isa = PBXFileReference; fileEncoding = 4; lastKnownFileType = sourcecode.cpp.cpp; path = CCNF_patch_expert.cpp; sourceTree = "<group>"; };
		0C97CC871F94C3300015FFC6 /* LandmarkDetectionValidator.cpp */ = {isa = PBXFileReference; fileEncoding = 4; lastKnownFileType = sourcecode.cpp.cpp; path = LandmarkDetectionValidator.cpp; sourceTree = "<group>"; };
		0C97CC881F94C3300015FFC6 /* LandmarkDetectorFunc.cpp */ = {isa = PBXFileReference; fileEncoding = 4; lastKnownFileType = sourcecode.cpp.cpp; path = LandmarkDetectorFunc.cpp; sourceTree = "<group>"; };
		0C97CC891F94C3300015FFC6 /* LandmarkDetectorModel.cpp */ = {isa = PBXFileReference; fileEncoding = 4; lastKnownFileType = sourcecode.cpp.cpp; path = LandmarkDetectorModel.cpp; sourceTree = "<group>"; };
		0C97CC8A1F94C3300015FFC6 /* LandmarkDetectorParameters.cpp */ = {isa = PBXFileReference; fileEncoding = 4; lastKnownFileType = sourcecode.cpp.cpp; path = LandmarkDetectorParameters.cpp; sourceTree = "<group>"; };
		0C97CC8B1F94C3300015FFC6 /* LandmarkDetectorUtils.cpp */ = {isa = PBXFileReference; fileEncoding = 4; lastKnownFileType = sourcecode.cpp.cpp; path = LandmarkDetectorUtils.cpp; sourceTree = "<group>"; };
		0C97CC8C1F94C3300015FFC6 /* Patch_experts.cpp */ = {isa = PBXFileReference; fileEncoding = 4; lastKnownFileType = sourcecode.cpp.cpp; path = Patch_experts.cpp; sourceTree = "<group>"; };
		0C97CC8D1F94C3300015FFC6 /* PAW.cpp */ = {isa = PBXFileReference; fileEncoding = 4; lastKnownFileType = sourcecode.cpp.cpp; path = PAW.cpp; sourceTree = "<group>"; };
		0C97CC8E1F94C3300015FFC6 /* PDM.cpp */ = {isa = PBXFileReference; fileEncoding = 4; lastKnownFileType = sourcecode.cpp.cpp; path = PDM.cpp; sourceTree = "<group>"; };
		0C97CC8F1F94C3300015FFC6 /* stdafx.cpp */ = {isa = PBXFileReference; fileEncoding = 4; lastKnownFileType = sourcecode.cpp.cpp; path = stdafx.cpp; sourceTree = "<group>"; };
		0C97CC901F94C3300015FFC6 /* SVR_patch_expert.cpp */ = {isa = PBXFileReference; fileEncoding = 4; lastKnownFileType = sourcecode.cpp.cpp; path = SVR_patch_expert.cpp; sourceTree = "<group>"; };
		0C97CC9E1F94CA1C0015FFC6 /* AVFoundation.framework */ = {isa = PBXFileReference; lastKnownFileType = wrapper.framework; name = AVFoundation.framework; path = System/Library/Frameworks/AVFoundation.framework; sourceTree = SDKROOT; };
		0C97CCA21F94D4520015FFC6 /* CoreMedia.framework */ = {isa = PBXFileReference; lastKnownFileType = wrapper.framework; name = CoreMedia.framework; path = System/Library/Frameworks/CoreMedia.framework; sourceTree = SDKROOT; };
		0C97CCA41F94D4580015FFC6 /* CoreVideo.framework */ = {isa = PBXFileReference; lastKnownFileType = wrapper.framework; name = CoreVideo.framework; path = System/Library/Frameworks/CoreVideo.framework; sourceTree = SDKROOT; };
/* End PBXFileReference section */

/* Begin PBXFrameworksBuildPhase section */
		0C8C22D91F95BCCB00F08490 /* Frameworks */ = {
			isa = PBXFrameworksBuildPhase;
			buildActionMask = 2147483647;
			files = (
				0C8C231E1F95BE6300F08490 /* AVFoundation.framework in Frameworks */,
				0C8C231C1F95BE5B00F08490 /* CoreVideo.framework in Frameworks */,
				0C8C231A1F95BE5400F08490 /* CoreMedia.framework in Frameworks */,
				0C8C23181F95BE4800F08490 /* opencv2.framework in Frameworks */,
			);
			runOnlyForDeploymentPostprocessing = 0;
		};
		0C8C22F11F95BCCC00F08490 /* Frameworks */ = {
			isa = PBXFrameworksBuildPhase;
			buildActionMask = 2147483647;
			files = (
			);
			runOnlyForDeploymentPostprocessing = 0;
		};
		0C8C22FC1F95BCCC00F08490 /* Frameworks */ = {
			isa = PBXFrameworksBuildPhase;
			buildActionMask = 2147483647;
			files = (
			);
			runOnlyForDeploymentPostprocessing = 0;
		};
		0C97CC341F94BE8D0015FFC6 /* Frameworks */ = {
			isa = PBXFrameworksBuildPhase;
			buildActionMask = 2147483647;
			files = (
				0C97CCA51F94D4580015FFC6 /* CoreVideo.framework in Frameworks */,
				0C97CCA31F94D4520015FFC6 /* CoreMedia.framework in Frameworks */,
				0C8C22D71F95BC5400F08490 /* opencv2.framework in Frameworks */,
				0C97CC9F1F94CA1C0015FFC6 /* AVFoundation.framework in Frameworks */,
			);
			runOnlyForDeploymentPostprocessing = 0;
		};
		0C97CC4A1F94BE8D0015FFC6 /* Frameworks */ = {
			isa = PBXFrameworksBuildPhase;
			buildActionMask = 2147483647;
			files = (
			);
			runOnlyForDeploymentPostprocessing = 0;
		};
		0C97CC551F94BE8D0015FFC6 /* Frameworks */ = {
			isa = PBXFrameworksBuildPhase;
			buildActionMask = 2147483647;
			files = (
			);
			runOnlyForDeploymentPostprocessing = 0;
		};
/* End PBXFrameworksBuildPhase section */

/* Begin PBXGroup section */
		0C8C22DD1F95BCCB00F08490 /* CLNF-iOS */ = {
			isa = PBXGroup;
			children = (
				0C8C22E11F95BCCB00F08490 /* AppDelegate.h */,
				0C8C22E21F95BCCB00F08490 /* AppDelegate.m */,
				0C8C22E41F95BCCB00F08490 /* ViewController.h */,
				0C8C22E51F95BCCB00F08490 /* ViewController.mm */,
				0C8C22E71F95BCCB00F08490 /* Main.storyboard */,
				0C8C22EA1F95BCCB00F08490 /* Assets.xcassets */,
				0C8C22EC1F95BCCB00F08490 /* LaunchScreen.storyboard */,
				0C8C22EF1F95BCCB00F08490 /* Info.plist */,
				0C8C22DE1F95BCCB00F08490 /* Supporting Files */,
			);
			path = "CLNF-iOS";
			sourceTree = "<group>";
		};
		0C8C22DE1F95BCCB00F08490 /* Supporting Files */ = {
			isa = PBXGroup;
			children = (
				0C8C22DF1F95BCCB00F08490 /* main.m */,
			);
			name = "Supporting Files";
			sourceTree = "<group>";
		};
		0C8C22F71F95BCCC00F08490 /* CLNF-iOSTests */ = {
			isa = PBXGroup;
			children = (
				0C8C22F81F95BCCC00F08490 /* CLNF_iOSTests.m */,
				0C8C22FA1F95BCCC00F08490 /* Info.plist */,
			);
			path = "CLNF-iOSTests";
			sourceTree = "<group>";
		};
		0C8C23021F95BCCC00F08490 /* CLNF-iOSUITests */ = {
			isa = PBXGroup;
			children = (
				0C8C23031F95BCCC00F08490 /* CLNF_iOSUITests.m */,
				0C8C23051F95BCCC00F08490 /* Info.plist */,
			);
			path = "CLNF-iOSUITests";
			sourceTree = "<group>";
		};
		0C97CC2E1F94BE8D0015FFC6 = {
			isa = PBXGroup;
			children = (
				0C97CC391F94BE8D0015FFC6 /* CLNF */,
				0C97CC501F94BE8D0015FFC6 /* CLNFTests */,
				0C97CC5B1F94BE8D0015FFC6 /* CLNFUITests */,
				0C8C22DD1F95BCCB00F08490 /* CLNF-iOS */,
				0C8C22F71F95BCCC00F08490 /* CLNF-iOSTests */,
				0C8C23021F95BCCC00F08490 /* CLNF-iOSUITests */,
				0C97CC381F94BE8D0015FFC6 /* Products */,
				0C97CC9D1F94CA1B0015FFC6 /* Frameworks */,
			);
			sourceTree = "<group>";
		};
		0C97CC381F94BE8D0015FFC6 /* Products */ = {
			isa = PBXGroup;
			children = (
				0C97CC371F94BE8D0015FFC6 /* CLNF.app */,
				0C97CC4D1F94BE8D0015FFC6 /* CLNFTests.xctest */,
				0C97CC581F94BE8D0015FFC6 /* CLNFUITests.xctest */,
				0C8C22DC1F95BCCB00F08490 /* CLNF-iOS.app */,
				0C8C22F41F95BCCC00F08490 /* CLNF-iOSTests.xctest */,
				0C8C22FF1F95BCCC00F08490 /* CLNF-iOSUITests.xctest */,
			);
			name = Products;
			sourceTree = "<group>";
		};
		0C97CC391F94BE8D0015FFC6 /* CLNF */ = {
			isa = PBXGroup;
			children = (
				0C8C22D61F95BC5400F08490 /* opencv2.framework */,
				0C97CC731F94C3300015FFC6 /* local */,
				0C97CC6A1F94BEA10015FFC6 /* classifiers */,
				0C97CC6B1F94BEA10015FFC6 /* model */,
				0C97CC6E1F94C0E30015FFC6 /* FaceARDetectIOS.h */,
				0C97CC6F1F94C0E30015FFC6 /* FaceARDetectIOS.mm */,
				0C97CC3A1F94BE8D0015FFC6 /* AppDelegate.h */,
				0C97CC3B1F94BE8D0015FFC6 /* AppDelegate.m */,
				0C97CC401F94BE8D0015FFC6 /* ViewController.h */,
				0C97CC411F94BE8D0015FFC6 /* ViewController.mm */,
				0C97CC431F94BE8D0015FFC6 /* Assets.xcassets */,
				0C97CC451F94BE8D0015FFC6 /* Main.storyboard */,
				0C97CC481F94BE8D0015FFC6 /* Info.plist */,
				0C97CC3D1F94BE8D0015FFC6 /* Supporting Files */,
			);
			path = CLNF;
			sourceTree = "<group>";
		};
		0C97CC3D1F94BE8D0015FFC6 /* Supporting Files */ = {
			isa = PBXGroup;
			children = (
				0C97CC3E1F94BE8D0015FFC6 /* main.m */,
			);
			name = "Supporting Files";
			sourceTree = "<group>";
		};
		0C97CC501F94BE8D0015FFC6 /* CLNFTests */ = {
			isa = PBXGroup;
			children = (
				0C97CC511F94BE8D0015FFC6 /* CLNFTests.m */,
				0C97CC531F94BE8D0015FFC6 /* Info.plist */,
			);
			path = CLNFTests;
			sourceTree = "<group>";
		};
		0C97CC5B1F94BE8D0015FFC6 /* CLNFUITests */ = {
			isa = PBXGroup;
			children = (
				0C97CC5C1F94BE8D0015FFC6 /* CLNFUITests.m */,
				0C97CC5E1F94BE8D0015FFC6 /* Info.plist */,
			);
			path = CLNFUITests;
			sourceTree = "<group>";
		};
		0C97CC731F94C3300015FFC6 /* local */ = {
			isa = PBXGroup;
			children = (
				0C8C232D1F9606DF00F08490 /* CameraResolution.h */,
				0C97CC741F94C3300015FFC6 /* GazeEstimate */,
				0C97CC771F94C3300015FFC6 /* LandmarkDetector */,
			);
			path = local;
			sourceTree = "<group>";
		};
		0C97CC741F94C3300015FFC6 /* GazeEstimate */ = {
			isa = PBXGroup;
			children = (
				0C97CC751F94C3300015FFC6 /* GazeEstimation.cpp */,
				0C97CC761F94C3300015FFC6 /* GazeEstimation.h */,
			);
			path = GazeEstimate;
			sourceTree = "<group>";
		};
		0C97CC771F94C3300015FFC6 /* LandmarkDetector */ = {
			isa = PBXGroup;
			children = (
				0C97CC781F94C3300015FFC6 /* include */,
				0C97CC851F94C3300015FFC6 /* src */,
			);
			path = LandmarkDetector;
			sourceTree = "<group>";
		};
		0C97CC781F94C3300015FFC6 /* include */ = {
			isa = PBXGroup;
			children = (
				0C97CC791F94C3300015FFC6 /* CCNF_patch_expert.h */,
				0C97CC7A1F94C3300015FFC6 /* LandmarkCoreIncludes.h */,
				0C97CC7B1F94C3300015FFC6 /* LandmarkDetectionValidator.h */,
				0C97CC7C1F94C3300015FFC6 /* LandmarkDetectorFunc.h */,
				0C97CC7D1F94C3300015FFC6 /* LandmarkDetectorModel.h */,
				0C97CC7E1F94C3300015FFC6 /* LandmarkDetectorParameters.h */,
				0C97CC7F1F94C3300015FFC6 /* LandmarkDetectorUtils.h */,
				0C97CC801F94C3300015FFC6 /* Patch_experts.h */,
				0C97CC811F94C3300015FFC6 /* PAW.h */,
				0C97CC821F94C3300015FFC6 /* PDM.h */,
				0C97CC831F94C3300015FFC6 /* stdafx.h */,
				0C97CC841F94C3300015FFC6 /* SVR_patch_expert.h */,
			);
			path = include;
			sourceTree = "<group>";
		};
		0C97CC851F94C3300015FFC6 /* src */ = {
			isa = PBXGroup;
			children = (
				0C97CC861F94C3300015FFC6 /* CCNF_patch_expert.cpp */,
				0C97CC871F94C3300015FFC6 /* LandmarkDetectionValidator.cpp */,
				0C97CC881F94C3300015FFC6 /* LandmarkDetectorFunc.cpp */,
				0C97CC891F94C3300015FFC6 /* LandmarkDetectorModel.cpp */,
				0C97CC8A1F94C3300015FFC6 /* LandmarkDetectorParameters.cpp */,
				0C97CC8B1F94C3300015FFC6 /* LandmarkDetectorUtils.cpp */,
				0C97CC8C1F94C3300015FFC6 /* Patch_experts.cpp */,
				0C97CC8D1F94C3300015FFC6 /* PAW.cpp */,
				0C97CC8E1F94C3300015FFC6 /* PDM.cpp */,
				0C97CC8F1F94C3300015FFC6 /* stdafx.cpp */,
				0C97CC901F94C3300015FFC6 /* SVR_patch_expert.cpp */,
			);
			path = src;
			sourceTree = "<group>";
		};
		0C97CC9D1F94CA1B0015FFC6 /* Frameworks */ = {
			isa = PBXGroup;
			children = (
				0C8C231D1F95BE6300F08490 /* AVFoundation.framework */,
				0C8C231B1F95BE5B00F08490 /* CoreVideo.framework */,
				0C8C23191F95BE5400F08490 /* CoreMedia.framework */,
				0C97CCA41F94D4580015FFC6 /* CoreVideo.framework */,
				0C97CCA21F94D4520015FFC6 /* CoreMedia.framework */,
				0C97CC9E1F94CA1C0015FFC6 /* AVFoundation.framework */,
			);
			name = Frameworks;
			sourceTree = "<group>";
		};
/* End PBXGroup section */

/* Begin PBXNativeTarget section */
		0C8C22DB1F95BCCB00F08490 /* CLNF-iOS */ = {
			isa = PBXNativeTarget;
			buildConfigurationList = 0C8C23061F95BCCC00F08490 /* Build configuration list for PBXNativeTarget "CLNF-iOS" */;
			buildPhases = (
				0C8C22D81F95BCCB00F08490 /* Sources */,
				0C8C22D91F95BCCB00F08490 /* Frameworks */,
				0C8C22DA1F95BCCB00F08490 /* Resources */,
			);
			buildRules = (
			);
			dependencies = (
			);
			name = "CLNF-iOS";
			productName = "CLNF-iOS";
			productReference = 0C8C22DC1F95BCCB00F08490 /* CLNF-iOS.app */;
			productType = "com.apple.product-type.application";
		};
		0C8C22F31F95BCCC00F08490 /* CLNF-iOSTests */ = {
			isa = PBXNativeTarget;
			buildConfigurationList = 0C8C23091F95BCCC00F08490 /* Build configuration list for PBXNativeTarget "CLNF-iOSTests" */;
			buildPhases = (
				0C8C22F01F95BCCC00F08490 /* Sources */,
				0C8C22F11F95BCCC00F08490 /* Frameworks */,
				0C8C22F21F95BCCC00F08490 /* Resources */,
			);
			buildRules = (
			);
			dependencies = (
				0C8C22F61F95BCCC00F08490 /* PBXTargetDependency */,
			);
			name = "CLNF-iOSTests";
			productName = "CLNF-iOSTests";
			productReference = 0C8C22F41F95BCCC00F08490 /* CLNF-iOSTests.xctest */;
			productType = "com.apple.product-type.bundle.unit-test";
		};
		0C8C22FE1F95BCCC00F08490 /* CLNF-iOSUITests */ = {
			isa = PBXNativeTarget;
			buildConfigurationList = 0C8C230C1F95BCCC00F08490 /* Build configuration list for PBXNativeTarget "CLNF-iOSUITests" */;
			buildPhases = (
				0C8C22FB1F95BCCC00F08490 /* Sources */,
				0C8C22FC1F95BCCC00F08490 /* Frameworks */,
				0C8C22FD1F95BCCC00F08490 /* Resources */,
			);
			buildRules = (
			);
			dependencies = (
				0C8C23011F95BCCC00F08490 /* PBXTargetDependency */,
			);
			name = "CLNF-iOSUITests";
			productName = "CLNF-iOSUITests";
			productReference = 0C8C22FF1F95BCCC00F08490 /* CLNF-iOSUITests.xctest */;
			productType = "com.apple.product-type.bundle.ui-testing";
		};
		0C97CC361F94BE8D0015FFC6 /* CLNF */ = {
			isa = PBXNativeTarget;
			buildConfigurationList = 0C97CC611F94BE8D0015FFC6 /* Build configuration list for PBXNativeTarget "CLNF" */;
			buildPhases = (
				0C97CC331F94BE8D0015FFC6 /* Sources */,
				0C97CC341F94BE8D0015FFC6 /* Frameworks */,
				0C97CC351F94BE8D0015FFC6 /* Resources */,
			);
			buildRules = (
			);
			dependencies = (
			);
			name = CLNF;
			productName = CLNF;
			productReference = 0C97CC371F94BE8D0015FFC6 /* CLNF.app */;
			productType = "com.apple.product-type.application";
		};
		0C97CC4C1F94BE8D0015FFC6 /* CLNFTests */ = {
			isa = PBXNativeTarget;
			buildConfigurationList = 0C97CC641F94BE8D0015FFC6 /* Build configuration list for PBXNativeTarget "CLNFTests" */;
			buildPhases = (
				0C97CC491F94BE8D0015FFC6 /* Sources */,
				0C97CC4A1F94BE8D0015FFC6 /* Frameworks */,
				0C97CC4B1F94BE8D0015FFC6 /* Resources */,
			);
			buildRules = (
			);
			dependencies = (
				0C97CC4F1F94BE8D0015FFC6 /* PBXTargetDependency */,
			);
			name = CLNFTests;
			productName = CLNFTests;
			productReference = 0C97CC4D1F94BE8D0015FFC6 /* CLNFTests.xctest */;
			productType = "com.apple.product-type.bundle.unit-test";
		};
		0C97CC571F94BE8D0015FFC6 /* CLNFUITests */ = {
			isa = PBXNativeTarget;
			buildConfigurationList = 0C97CC671F94BE8D0015FFC6 /* Build configuration list for PBXNativeTarget "CLNFUITests" */;
			buildPhases = (
				0C97CC541F94BE8D0015FFC6 /* Sources */,
				0C97CC551F94BE8D0015FFC6 /* Frameworks */,
				0C97CC561F94BE8D0015FFC6 /* Resources */,
			);
			buildRules = (
			);
			dependencies = (
				0C97CC5A1F94BE8D0015FFC6 /* PBXTargetDependency */,
			);
			name = CLNFUITests;
			productName = CLNFUITests;
			productReference = 0C97CC581F94BE8D0015FFC6 /* CLNFUITests.xctest */;
			productType = "com.apple.product-type.bundle.ui-testing";
		};
/* End PBXNativeTarget section */

/* Begin PBXProject section */
		0C97CC2F1F94BE8D0015FFC6 /* Project object */ = {
			isa = PBXProject;
			attributes = {
				LastUpgradeCheck = 0820;
				ORGANIZATIONNAME = Mamunul;
				TargetAttributes = {
					0C8C22DB1F95BCCB00F08490 = {
						CreatedOnToolsVersion = 8.2;
						DevelopmentTeam = 9GAPXPF2Z5;
						ProvisioningStyle = Automatic;
					};
					0C8C22F31F95BCCC00F08490 = {
						CreatedOnToolsVersion = 8.2;
						ProvisioningStyle = Automatic;
						TestTargetID = 0C8C22DB1F95BCCB00F08490;
					};
					0C8C22FE1F95BCCC00F08490 = {
						CreatedOnToolsVersion = 8.2;
						ProvisioningStyle = Automatic;
						TestTargetID = 0C8C22DB1F95BCCB00F08490;
					};
					0C97CC361F94BE8D0015FFC6 = {
						CreatedOnToolsVersion = 8.2;
						ProvisioningStyle = Automatic;
					};
					0C97CC4C1F94BE8D0015FFC6 = {
						CreatedOnToolsVersion = 8.2;
						ProvisioningStyle = Automatic;
						TestTargetID = 0C97CC361F94BE8D0015FFC6;
					};
					0C97CC571F94BE8D0015FFC6 = {
						CreatedOnToolsVersion = 8.2;
						ProvisioningStyle = Automatic;
						TestTargetID = 0C97CC361F94BE8D0015FFC6;
					};
				};
			};
			buildConfigurationList = 0C97CC321F94BE8D0015FFC6 /* Build configuration list for PBXProject "CLNF" */;
			compatibilityVersion = "Xcode 3.2";
			developmentRegion = English;
			hasScannedForEncodings = 0;
			knownRegions = (
				en,
				Base,
			);
			mainGroup = 0C97CC2E1F94BE8D0015FFC6;
			productRefGroup = 0C97CC381F94BE8D0015FFC6 /* Products */;
			projectDirPath = "";
			projectRoot = "";
			targets = (
				0C97CC361F94BE8D0015FFC6 /* CLNF */,
				0C97CC4C1F94BE8D0015FFC6 /* CLNFTests */,
				0C97CC571F94BE8D0015FFC6 /* CLNFUITests */,
				0C8C22DB1F95BCCB00F08490 /* CLNF-iOS */,
				0C8C22F31F95BCCC00F08490 /* CLNF-iOSTests */,
				0C8C22FE1F95BCCC00F08490 /* CLNF-iOSUITests */,
			);
		};
/* End PBXProject section */

/* Begin PBXResourcesBuildPhase section */
		0C8C22DA1F95BCCB00F08490 /* Resources */ = {
			isa = PBXResourcesBuildPhase;
			buildActionMask = 2147483647;
			files = (
				0C8C232B1F95C18300F08490 /* classifiers in Resources */,
				0C8C232C1F95C18300F08490 /* model in Resources */,
				0C8C22EE1F95BCCB00F08490 /* LaunchScreen.storyboard in Resources */,
				0C8C22EB1F95BCCB00F08490 /* Assets.xcassets in Resources */,
				0C8C22E91F95BCCB00F08490 /* Main.storyboard in Resources */,
			);
			runOnlyForDeploymentPostprocessing = 0;
		};
		0C8C22F21F95BCCC00F08490 /* Resources */ = {
			isa = PBXResourcesBuildPhase;
			buildActionMask = 2147483647;
			files = (
			);
			runOnlyForDeploymentPostprocessing = 0;
		};
		0C8C22FD1F95BCCC00F08490 /* Resources */ = {
			isa = PBXResourcesBuildPhase;
			buildActionMask = 2147483647;
			files = (
			);
			runOnlyForDeploymentPostprocessing = 0;
		};
		0C97CC351F94BE8D0015FFC6 /* Resources */ = {
			isa = PBXResourcesBuildPhase;
			buildActionMask = 2147483647;
			files = (
				0C97CC6C1F94BEA10015FFC6 /* classifiers in Resources */,
				0C97CC441F94BE8D0015FFC6 /* Assets.xcassets in Resources */,
				0C97CC6D1F94BEA10015FFC6 /* model in Resources */,
				0C97CC471F94BE8D0015FFC6 /* Main.storyboard in Resources */,
			);
			runOnlyForDeploymentPostprocessing = 0;
		};
		0C97CC4B1F94BE8D0015FFC6 /* Resources */ = {
			isa = PBXResourcesBuildPhase;
			buildActionMask = 2147483647;
			files = (
			);
			runOnlyForDeploymentPostprocessing = 0;
		};
		0C97CC561F94BE8D0015FFC6 /* Resources */ = {
			isa = PBXResourcesBuildPhase;
			buildActionMask = 2147483647;
			files = (
			);
			runOnlyForDeploymentPostprocessing = 0;
		};
/* End PBXResourcesBuildPhase section */

/* Begin PBXSourcesBuildPhase section */
		0C8C22D81F95BCCB00F08490 /* Sources */ = {
			isa = PBXSourcesBuildPhase;
			buildActionMask = 2147483647;
			files = (
				0C8C23201F95C03B00F08490 /* CCNF_patch_expert.cpp in Sources */,
				0C8C23211F95C03B00F08490 /* LandmarkDetectionValidator.cpp in Sources */,
				0C8C23221F95C03B00F08490 /* LandmarkDetectorFunc.cpp in Sources */,
				0C8C23231F95C03B00F08490 /* LandmarkDetectorModel.cpp in Sources */,
				0C8C23241F95C03B00F08490 /* LandmarkDetectorParameters.cpp in Sources */,
				0C8C23251F95C03B00F08490 /* LandmarkDetectorUtils.cpp in Sources */,
				0C8C23261F95C03B00F08490 /* Patch_experts.cpp in Sources */,
				0C8C23271F95C03B00F08490 /* PAW.cpp in Sources */,
				0C8C23281F95C03B00F08490 /* PDM.cpp in Sources */,
				0C8C23291F95C03B00F08490 /* stdafx.cpp in Sources */,
				0C8C232A1F95C03B00F08490 /* SVR_patch_expert.cpp in Sources */,
				0C8C231F1F95C02700F08490 /* FaceARDetectIOS.mm in Sources */,
				0C8C22E61F95BCCB00F08490 /* ViewController.mm in Sources */,
				0C8C22E31F95BCCB00F08490 /* AppDelegate.m in Sources */,
				0C8C22E01F95BCCB00F08490 /* main.m in Sources */,
			);
			runOnlyForDeploymentPostprocessing = 0;
		};
		0C8C22F01F95BCCC00F08490 /* Sources */ = {
			isa = PBXSourcesBuildPhase;
			buildActionMask = 2147483647;
			files = (
				0C8C22F91F95BCCC00F08490 /* CLNF_iOSTests.m in Sources */,
			);
			runOnlyForDeploymentPostprocessing = 0;
		};
		0C8C22FB1F95BCCC00F08490 /* Sources */ = {
			isa = PBXSourcesBuildPhase;
			buildActionMask = 2147483647;
			files = (
				0C8C23041F95BCCC00F08490 /* CLNF_iOSUITests.m in Sources */,
			);
			runOnlyForDeploymentPostprocessing = 0;
		};
		0C97CC331F94BE8D0015FFC6 /* Sources */ = {
			isa = PBXSourcesBuildPhase;
			buildActionMask = 2147483647;
			files = (
				0C97CC701F94C0E30015FFC6 /* FaceARDetectIOS.mm in Sources */,
				0C97CC941F94C3300015FFC6 /* LandmarkDetectorFunc.cpp in Sources */,
				0C97CC421F94BE8D0015FFC6 /* ViewController.mm in Sources */,
				0C97CC921F94C3300015FFC6 /* CCNF_patch_expert.cpp in Sources */,
				0C97CC981F94C3300015FFC6 /* Patch_experts.cpp in Sources */,
				0C97CC9A1F94C3300015FFC6 /* PDM.cpp in Sources */,
				0C97CC9C1F94C3300015FFC6 /* SVR_patch_expert.cpp in Sources */,
				0C97CC911F94C3300015FFC6 /* GazeEstimation.cpp in Sources */,
				0C97CC3F1F94BE8D0015FFC6 /* main.m in Sources */,
				0C97CC951F94C3300015FFC6 /* LandmarkDetectorModel.cpp in Sources */,
				0C97CC9B1F94C3300015FFC6 /* stdafx.cpp in Sources */,
				0C97CC961F94C3300015FFC6 /* LandmarkDetectorParameters.cpp in Sources */,
				0C97CC931F94C3300015FFC6 /* LandmarkDetectionValidator.cpp in Sources */,
				0C97CC991F94C3300015FFC6 /* PAW.cpp in Sources */,
				0C97CC971F94C3300015FFC6 /* LandmarkDetectorUtils.cpp in Sources */,
				0C97CC3C1F94BE8D0015FFC6 /* AppDelegate.m in Sources */,
			);
			runOnlyForDeploymentPostprocessing = 0;
		};
		0C97CC491F94BE8D0015FFC6 /* Sources */ = {
			isa = PBXSourcesBuildPhase;
			buildActionMask = 2147483647;
			files = (
				0C97CC521F94BE8D0015FFC6 /* CLNFTests.m in Sources */,
			);
			runOnlyForDeploymentPostprocessing = 0;
		};
		0C97CC541F94BE8D0015FFC6 /* Sources */ = {
			isa = PBXSourcesBuildPhase;
			buildActionMask = 2147483647;
			files = (
				0C97CC5D1F94BE8D0015FFC6 /* CLNFUITests.m in Sources */,
			);
			runOnlyForDeploymentPostprocessing = 0;
		};
/* End PBXSourcesBuildPhase section */

/* Begin PBXTargetDependency section */
		0C8C22F61F95BCCC00F08490 /* PBXTargetDependency */ = {
			isa = PBXTargetDependency;
			target = 0C8C22DB1F95BCCB00F08490 /* CLNF-iOS */;
			targetProxy = 0C8C22F51F95BCCC00F08490 /* PBXContainerItemProxy */;
		};
		0C8C23011F95BCCC00F08490 /* PBXTargetDependency */ = {
			isa = PBXTargetDependency;
			target = 0C8C22DB1F95BCCB00F08490 /* CLNF-iOS */;
			targetProxy = 0C8C23001F95BCCC00F08490 /* PBXContainerItemProxy */;
		};
		0C97CC4F1F94BE8D0015FFC6 /* PBXTargetDependency */ = {
			isa = PBXTargetDependency;
			target = 0C97CC361F94BE8D0015FFC6 /* CLNF */;
			targetProxy = 0C97CC4E1F94BE8D0015FFC6 /* PBXContainerItemProxy */;
		};
		0C97CC5A1F94BE8D0015FFC6 /* PBXTargetDependency */ = {
			isa = PBXTargetDependency;
			target = 0C97CC361F94BE8D0015FFC6 /* CLNF */;
			targetProxy = 0C97CC591F94BE8D0015FFC6 /* PBXContainerItemProxy */;
		};
/* End PBXTargetDependency section */

/* Begin PBXVariantGroup section */
		0C8C22E71F95BCCB00F08490 /* Main.storyboard */ = {
			isa = PBXVariantGroup;
			children = (
				0C8C22E81F95BCCB00F08490 /* Base */,
			);
			name = Main.storyboard;
			sourceTree = "<group>";
		};
		0C8C22EC1F95BCCB00F08490 /* LaunchScreen.storyboard */ = {
			isa = PBXVariantGroup;
			children = (
				0C8C22ED1F95BCCB00F08490 /* Base */,
			);
			name = LaunchScreen.storyboard;
			sourceTree = "<group>";
		};
		0C97CC451F94BE8D0015FFC6 /* Main.storyboard */ = {
			isa = PBXVariantGroup;
			children = (
				0C97CC461F94BE8D0015FFC6 /* Base */,
			);
			name = Main.storyboard;
			sourceTree = "<group>";
		};
/* End PBXVariantGroup section */

/* Begin XCBuildConfiguration section */
		0C8C23071F95BCCC00F08490 /* Debug */ = {
			isa = XCBuildConfiguration;
			buildSettings = {
				ASSETCATALOG_COMPILER_APPICON_NAME = AppIcon;
				"CODE_SIGN_IDENTITY[sdk=iphoneos*]" = "iPhone Developer";
				DEVELOPMENT_TEAM = 9GAPXPF2Z5;
				ENABLE_BITCODE = NO;
				FRAMEWORK_SEARCH_PATHS = (
					"$(inherited)",
					"$(PROJECT_DIR)/CLNF",
				);
				INFOPLIST_FILE = "CLNF-iOS/Info.plist";
				IPHONEOS_DEPLOYMENT_TARGET = 8.0;
				LD_RUNPATH_SEARCH_PATHS = "$(inherited) @executable_path/Frameworks";
				PRODUCT_BUNDLE_IDENTIFIER = "com.mamunul.test.CLNF-iOS";
				PRODUCT_NAME = "$(TARGET_NAME)";
				SDKROOT = iphoneos;
				TARGETED_DEVICE_FAMILY = "1,2";
			};
			name = Debug;
		};
		0C8C23081F95BCCC00F08490 /* Release */ = {
			isa = XCBuildConfiguration;
			buildSettings = {
				ASSETCATALOG_COMPILER_APPICON_NAME = AppIcon;
				"CODE_SIGN_IDENTITY[sdk=iphoneos*]" = "iPhone Developer";
				DEVELOPMENT_TEAM = 9GAPXPF2Z5;
				ENABLE_BITCODE = NO;
				FRAMEWORK_SEARCH_PATHS = (
					"$(inherited)",
					"$(PROJECT_DIR)/CLNF",
				);
				INFOPLIST_FILE = "CLNF-iOS/Info.plist";
				IPHONEOS_DEPLOYMENT_TARGET = 8.0;
				LD_RUNPATH_SEARCH_PATHS = "$(inherited) @executable_path/Frameworks";
				PRODUCT_BUNDLE_IDENTIFIER = "com.mamunul.test.CLNF-iOS";
				PRODUCT_NAME = "$(TARGET_NAME)";
				SDKROOT = iphoneos;
				TARGETED_DEVICE_FAMILY = "1,2";
				VALIDATE_PRODUCT = YES;
			};
			name = Release;
		};
		0C8C230A1F95BCCC00F08490 /* Debug */ = {
			isa = XCBuildConfiguration;
			buildSettings = {
				BUNDLE_LOADER = "$(TEST_HOST)";
				"CODE_SIGN_IDENTITY[sdk=iphoneos*]" = "iPhone Developer";
				INFOPLIST_FILE = "CLNF-iOSTests/Info.plist";
				IPHONEOS_DEPLOYMENT_TARGET = 10.2;
				LD_RUNPATH_SEARCH_PATHS = "$(inherited) @executable_path/Frameworks @loader_path/Frameworks";
				PRODUCT_BUNDLE_IDENTIFIER = "com.mamunul.test.CLNF-iOSTests";
				PRODUCT_NAME = "$(TARGET_NAME)";
				SDKROOT = iphoneos;
				TEST_HOST = "$(BUILT_PRODUCTS_DIR)/CLNF-iOS.app/CLNF-iOS";
			};
			name = Debug;
		};
		0C8C230B1F95BCCC00F08490 /* Release */ = {
			isa = XCBuildConfiguration;
			buildSettings = {
				BUNDLE_LOADER = "$(TEST_HOST)";
				"CODE_SIGN_IDENTITY[sdk=iphoneos*]" = "iPhone Developer";
				INFOPLIST_FILE = "CLNF-iOSTests/Info.plist";
				IPHONEOS_DEPLOYMENT_TARGET = 10.2;
				LD_RUNPATH_SEARCH_PATHS = "$(inherited) @executable_path/Frameworks @loader_path/Frameworks";
				PRODUCT_BUNDLE_IDENTIFIER = "com.mamunul.test.CLNF-iOSTests";
				PRODUCT_NAME = "$(TARGET_NAME)";
				SDKROOT = iphoneos;
				TEST_HOST = "$(BUILT_PRODUCTS_DIR)/CLNF-iOS.app/CLNF-iOS";
				VALIDATE_PRODUCT = YES;
			};
			name = Release;
		};
		0C8C230D1F95BCCC00F08490 /* Debug */ = {
			isa = XCBuildConfiguration;
			buildSettings = {
				"CODE_SIGN_IDENTITY[sdk=iphoneos*]" = "iPhone Developer";
				INFOPLIST_FILE = "CLNF-iOSUITests/Info.plist";
				IPHONEOS_DEPLOYMENT_TARGET = 10.2;
				LD_RUNPATH_SEARCH_PATHS = "$(inherited) @executable_path/Frameworks @loader_path/Frameworks";
				PRODUCT_BUNDLE_IDENTIFIER = "com.mamunul.test.CLNF-iOSUITests";
				PRODUCT_NAME = "$(TARGET_NAME)";
				SDKROOT = iphoneos;
				TEST_TARGET_NAME = "CLNF-iOS";
			};
			name = Debug;
		};
		0C8C230E1F95BCCC00F08490 /* Release */ = {
			isa = XCBuildConfiguration;
			buildSettings = {
				"CODE_SIGN_IDENTITY[sdk=iphoneos*]" = "iPhone Developer";
				INFOPLIST_FILE = "CLNF-iOSUITests/Info.plist";
				IPHONEOS_DEPLOYMENT_TARGET = 10.2;
				LD_RUNPATH_SEARCH_PATHS = "$(inherited) @executable_path/Frameworks @loader_path/Frameworks";
				PRODUCT_BUNDLE_IDENTIFIER = "com.mamunul.test.CLNF-iOSUITests";
				PRODUCT_NAME = "$(TARGET_NAME)";
				SDKROOT = iphoneos;
				TEST_TARGET_NAME = "CLNF-iOS";
				VALIDATE_PRODUCT = YES;
			};
			name = Release;
		};
		0C97CC5F1F94BE8D0015FFC6 /* Debug */ = {
			isa = XCBuildConfiguration;
			buildSettings = {
				ALWAYS_SEARCH_USER_PATHS = NO;
				CLANG_ANALYZER_NONNULL = YES;
				CLANG_CXX_LANGUAGE_STANDARD = "gnu++0x";
				CLANG_CXX_LIBRARY = "libc++";
				CLANG_ENABLE_MODULES = YES;
				CLANG_ENABLE_OBJC_ARC = YES;
				CLANG_WARN_BOOL_CONVERSION = YES;
				CLANG_WARN_CONSTANT_CONVERSION = YES;
				CLANG_WARN_DIRECT_OBJC_ISA_USAGE = YES_ERROR;
				CLANG_WARN_DOCUMENTATION_COMMENTS = YES;
				CLANG_WARN_EMPTY_BODY = YES;
				CLANG_WARN_ENUM_CONVERSION = YES;
				CLANG_WARN_INFINITE_RECURSION = YES;
				CLANG_WARN_INT_CONVERSION = YES;
				CLANG_WARN_OBJC_ROOT_CLASS = YES_ERROR;
				CLANG_WARN_SUSPICIOUS_MOVE = YES;
				CLANG_WARN_UNREACHABLE_CODE = YES;
				CLANG_WARN__DUPLICATE_METHOD_MATCH = YES;
				CODE_SIGN_IDENTITY = "-";
				COPY_PHASE_STRIP = NO;
				DEBUG_INFORMATION_FORMAT = dwarf;
				ENABLE_STRICT_OBJC_MSGSEND = YES;
				ENABLE_TESTABILITY = YES;
				GCC_C_LANGUAGE_STANDARD = gnu99;
				GCC_DYNAMIC_NO_PIC = NO;
				GCC_NO_COMMON_BLOCKS = YES;
				GCC_OPTIMIZATION_LEVEL = 0;
				GCC_PREPROCESSOR_DEFINITIONS = (
					"DEBUG=1",
					"$(inherited)",
				);
				GCC_WARN_64_TO_32_BIT_CONVERSION = YES;
				GCC_WARN_ABOUT_RETURN_TYPE = YES_ERROR;
				GCC_WARN_UNDECLARED_SELECTOR = YES;
				GCC_WARN_UNINITIALIZED_AUTOS = YES_AGGRESSIVE;
				GCC_WARN_UNUSED_FUNCTION = YES;
				GCC_WARN_UNUSED_VARIABLE = YES;
				MACOSX_DEPLOYMENT_TARGET = 10.12;
				MTL_ENABLE_DEBUG_INFO = YES;
				ONLY_ACTIVE_ARCH = YES;
				SDKROOT = macosx;
			};
			name = Debug;
		};
		0C97CC601F94BE8D0015FFC6 /* Release */ = {
			isa = XCBuildConfiguration;
			buildSettings = {
				ALWAYS_SEARCH_USER_PATHS = NO;
				CLANG_ANALYZER_NONNULL = YES;
				CLANG_CXX_LANGUAGE_STANDARD = "gnu++0x";
				CLANG_CXX_LIBRARY = "libc++";
				CLANG_ENABLE_MODULES = YES;
				CLANG_ENABLE_OBJC_ARC = YES;
				CLANG_WARN_BOOL_CONVERSION = YES;
				CLANG_WARN_CONSTANT_CONVERSION = YES;
				CLANG_WARN_DIRECT_OBJC_ISA_USAGE = YES_ERROR;
				CLANG_WARN_DOCUMENTATION_COMMENTS = YES;
				CLANG_WARN_EMPTY_BODY = YES;
				CLANG_WARN_ENUM_CONVERSION = YES;
				CLANG_WARN_INFINITE_RECURSION = YES;
				CLANG_WARN_INT_CONVERSION = YES;
				CLANG_WARN_OBJC_ROOT_CLASS = YES_ERROR;
				CLANG_WARN_SUSPICIOUS_MOVE = YES;
				CLANG_WARN_UNREACHABLE_CODE = YES;
				CLANG_WARN__DUPLICATE_METHOD_MATCH = YES;
				CODE_SIGN_IDENTITY = "-";
				COPY_PHASE_STRIP = NO;
				DEBUG_INFORMATION_FORMAT = "dwarf-with-dsym";
				ENABLE_NS_ASSERTIONS = NO;
				ENABLE_STRICT_OBJC_MSGSEND = YES;
				GCC_C_LANGUAGE_STANDARD = gnu99;
				GCC_NO_COMMON_BLOCKS = YES;
				GCC_WARN_64_TO_32_BIT_CONVERSION = YES;
				GCC_WARN_ABOUT_RETURN_TYPE = YES_ERROR;
				GCC_WARN_UNDECLARED_SELECTOR = YES;
				GCC_WARN_UNINITIALIZED_AUTOS = YES_AGGRESSIVE;
				GCC_WARN_UNUSED_FUNCTION = YES;
				GCC_WARN_UNUSED_VARIABLE = YES;
				MACOSX_DEPLOYMENT_TARGET = 10.12;
				MTL_ENABLE_DEBUG_INFO = NO;
				SDKROOT = macosx;
			};
			name = Release;
		};
		0C97CC621F94BE8D0015FFC6 /* Debug */ = {
			isa = XCBuildConfiguration;
			buildSettings = {
				ASSETCATALOG_COMPILER_APPICON_NAME = AppIcon;
				COMBINE_HIDPI_IMAGES = YES;
				FRAMEWORK_SEARCH_PATHS = (
					"$(inherited)",
					"$(PROJECT_DIR)",
					"$(PROJECT_DIR)/CLNF",
				);
				HEADER_SEARCH_PATHS = "";
				INFOPLIST_FILE = CLNF/Info.plist;
				LD_RUNPATH_SEARCH_PATHS = "$(inherited) @executable_path/../Frameworks";
				LIBRARY_SEARCH_PATHS = "";
				PRODUCT_BUNDLE_IDENTIFIER = com.mamunul.test.CLNF;
				PRODUCT_NAME = "$(TARGET_NAME)";
			};
			name = Debug;
		};
		0C97CC631F94BE8D0015FFC6 /* Release */ = {
			isa = XCBuildConfiguration;
			buildSettings = {
				ASSETCATALOG_COMPILER_APPICON_NAME = AppIcon;
				COMBINE_HIDPI_IMAGES = YES;
				FRAMEWORK_SEARCH_PATHS = (
					"$(inherited)",
					"$(PROJECT_DIR)",
					"$(PROJECT_DIR)/CLNF",
				);
				HEADER_SEARCH_PATHS = "";
				INFOPLIST_FILE = CLNF/Info.plist;
				LD_RUNPATH_SEARCH_PATHS = "$(inherited) @executable_path/../Frameworks";
				LIBRARY_SEARCH_PATHS = "";
				PRODUCT_BUNDLE_IDENTIFIER = com.mamunul.test.CLNF;
				PRODUCT_NAME = "$(TARGET_NAME)";
			};
			name = Release;
		};
		0C97CC651F94BE8D0015FFC6 /* Debug */ = {
			isa = XCBuildConfiguration;
			buildSettings = {
				BUNDLE_LOADER = "$(TEST_HOST)";
				COMBINE_HIDPI_IMAGES = YES;
				INFOPLIST_FILE = CLNFTests/Info.plist;
				LD_RUNPATH_SEARCH_PATHS = "$(inherited) @executable_path/../Frameworks @loader_path/../Frameworks";
				PRODUCT_BUNDLE_IDENTIFIER = com.mamunul.test.CLNFTests;
				PRODUCT_NAME = "$(TARGET_NAME)";
				TEST_HOST = "$(BUILT_PRODUCTS_DIR)/CLNF.app/Contents/MacOS/CLNF";
			};
			name = Debug;
		};
		0C97CC661F94BE8D0015FFC6 /* Release */ = {
			isa = XCBuildConfiguration;
			buildSettings = {
				BUNDLE_LOADER = "$(TEST_HOST)";
				COMBINE_HIDPI_IMAGES = YES;
				INFOPLIST_FILE = CLNFTests/Info.plist;
				LD_RUNPATH_SEARCH_PATHS = "$(inherited) @executable_path/../Frameworks @loader_path/../Frameworks";
				PRODUCT_BUNDLE_IDENTIFIER = com.mamunul.test.CLNFTests;
				PRODUCT_NAME = "$(TARGET_NAME)";
				TEST_HOST = "$(BUILT_PRODUCTS_DIR)/CLNF.app/Contents/MacOS/CLNF";
			};
			name = Release;
		};
		0C97CC681F94BE8D0015FFC6 /* Debug */ = {
			isa = XCBuildConfiguration;
			buildSettings = {
				COMBINE_HIDPI_IMAGES = YES;
				INFOPLIST_FILE = CLNFUITests/Info.plist;
				LD_RUNPATH_SEARCH_PATHS = "$(inherited) @executable_path/../Frameworks @loader_path/../Frameworks";
				PRODUCT_BUNDLE_IDENTIFIER = com.mamunul.test.CLNFUITests;
				PRODUCT_NAME = "$(TARGET_NAME)";
				TEST_TARGET_NAME = CLNF;
			};
			name = Debug;
		};
		0C97CC691F94BE8D0015FFC6 /* Release */ = {
			isa = XCBuildConfiguration;
			buildSettings = {
				COMBINE_HIDPI_IMAGES = YES;
				INFOPLIST_FILE = CLNFUITests/Info.plist;
				LD_RUNPATH_SEARCH_PATHS = "$(inherited) @executable_path/../Frameworks @loader_path/../Frameworks";
				PRODUCT_BUNDLE_IDENTIFIER = com.mamunul.test.CLNFUITests;
				PRODUCT_NAME = "$(TARGET_NAME)";
				TEST_TARGET_NAME = CLNF;
			};
			name = Release;
		};
/* End XCBuildConfiguration section */

/* Begin XCConfigurationList section */
		0C8C23061F95BCCC00F08490 /* Build configuration list for PBXNativeTarget "CLNF-iOS" */ = {
			isa = XCConfigurationList;
			buildConfigurations = (
				0C8C23071F95BCCC00F08490 /* Debug */,
				0C8C23081F95BCCC00F08490 /* Release */,
			);
			defaultConfigurationIsVisible = 0;
		};
		0C8C23091F95BCCC00F08490 /* Build configuration list for PBXNativeTarget "CLNF-iOSTests" */ = {
			isa = XCConfigurationList;
			buildConfigurations = (
				0C8C230A1F95BCCC00F08490 /* Debug */,
				0C8C230B1F95BCCC00F08490 /* Release */,
			);
			defaultConfigurationIsVisible = 0;
		};
		0C8C230C1F95BCCC00F08490 /* Build configuration list for PBXNativeTarget "CLNF-iOSUITests" */ = {
			isa = XCConfigurationList;
			buildConfigurations = (
				0C8C230D1F95BCCC00F08490 /* Debug */,
				0C8C230E1F95BCCC00F08490 /* Release */,
			);
			defaultConfigurationIsVisible = 0;
		};
		0C97CC321F94BE8D0015FFC6 /* Build configuration list for PBXProject "CLNF" */ = {
			isa = XCConfigurationList;
			buildConfigurations = (
				0C97CC5F1F94BE8D0015FFC6 /* Debug */,
				0C97CC601F94BE8D0015FFC6 /* Release */,
			);
			defaultConfigurationIsVisible = 0;
			defaultConfigurationName = Release;
		};
		0C97CC611F94BE8D0015FFC6 /* Build configuration list for PBXNativeTarget "CLNF" */ = {
			isa = XCConfigurationList;
			buildConfigurations = (
				0C97CC621F94BE8D0015FFC6 /* Debug */,
				0C97CC631F94BE8D0015FFC6 /* Release */,
			);
			defaultConfigurationIsVisible = 0;
			defaultConfigurationName = Release;
		};
		0C97CC641F94BE8D0015FFC6 /* Build configuration list for PBXNativeTarget "CLNFTests" */ = {
			isa = XCConfigurationList;
			buildConfigurations = (
				0C97CC651F94BE8D0015FFC6 /* Debug */,
				0C97CC661F94BE8D0015FFC6 /* Release */,
			);
			defaultConfigurationIsVisible = 0;
			defaultConfigurationName = Release;
		};
		0C97CC671F94BE8D0015FFC6 /* Build configuration list for PBXNativeTarget "CLNFUITests" */ = {
			isa = XCConfigurationList;
			buildConfigurations = (
				0C97CC681F94BE8D0015FFC6 /* Debug */,
				0C97CC691F94BE8D0015FFC6 /* Release */,
			);
			defaultConfigurationIsVisible = 0;
			defaultConfigurationName = Release;
		};
/* End XCConfigurationList section */
	};
	rootObject = 0C97CC2F1F94BE8D0015FFC6 /* Project object */;
}
